// !$*UTF8*$!
{
	archiveVersion = 1;
	classes = {
	};
	objectVersion = 50;
	objects = {

/* Begin PBXBuildFile section */
		B2A168E920F669A20021139E /* main.cpp in Sources */ = {isa = PBXBuildFile; fileRef = B2A168E820F669A20021139E /* main.cpp */; };
		B2A168F420F669C50021139E /* filtermap.cpp in Sources */ = {isa = PBXBuildFile; fileRef = B2A168EF20F669C40021139E /* filtermap.cpp */; };
		B2A168F520F669C50021139E /* CSVIterator.cpp in Sources */ = {isa = PBXBuildFile; fileRef = B2A168F220F669C50021139E /* CSVIterator.cpp */; };
		B2D4BECD20F66E0C00BF4257 /* BSIFFilter.cpp in Sources */ = {isa = PBXBuildFile; fileRef = B2D4BECB20F66E0C00BF4257 /* BSIFFilter.cpp */; };
/* End PBXBuildFile section */

/* Begin PBXCopyFilesBuildPhase section */
		B2A168E320F669A20021139E /* CopyFiles */ = {
			isa = PBXCopyFilesBuildPhase;
			buildActionMask = 2147483647;
			dstPath = /usr/share/man/man1/;
			dstSubfolderSpec = 0;
			files = (
			);
			runOnlyForDeploymentPostprocessing = 1;
		};
/* End PBXCopyFilesBuildPhase section */

/* Begin PBXFileReference section */
		B2A168E520F669A20021139E /* TCLDetection */ = {isa = PBXFileReference; explicitFileType = "compiled.mach-o.executable"; includeInIndex = 0; path = TCLDetection; sourceTree = BUILT_PRODUCTS_DIR; };
		B2A168E820F669A20021139E /* main.cpp */ = {isa = PBXFileReference; lastKnownFileType = sourcecode.cpp.cpp; path = main.cpp; sourceTree = "<group>"; };
		B2A168EF20F669C40021139E /* filtermap.cpp */ = {isa = PBXFileReference; fileEncoding = 4; lastKnownFileType = sourcecode.cpp.cpp; path = filtermap.cpp; sourceTree = "<group>"; };
		B2A168F020F669C40021139E /* filtermap.hpp */ = {isa = PBXFileReference; fileEncoding = 4; lastKnownFileType = sourcecode.cpp.h; path = filtermap.hpp; sourceTree = "<group>"; };
		B2A168F120F669C40021139E /* filters.h */ = {isa = PBXFileReference; fileEncoding = 4; lastKnownFileType = sourcecode.c.h; path = filters.h; sourceTree = "<group>"; };
		B2A168F220F669C50021139E /* CSVIterator.cpp */ = {isa = PBXFileReference; fileEncoding = 4; lastKnownFileType = sourcecode.cpp.cpp; path = CSVIterator.cpp; sourceTree = "<group>"; };
		B2A168F320F669C50021139E /* CSVIterator.hpp */ = {isa = PBXFileReference; fileEncoding = 4; lastKnownFileType = sourcecode.cpp.h; path = CSVIterator.hpp; sourceTree = "<group>"; };
		B2D4BECB20F66E0C00BF4257 /* BSIFFilter.cpp */ = {isa = PBXFileReference; lastKnownFileType = sourcecode.cpp.cpp; path = BSIFFilter.cpp; sourceTree = "<group>"; };
		B2D4BECC20F66E0C00BF4257 /* BSIFFilter.hpp */ = {isa = PBXFileReference; lastKnownFileType = sourcecode.cpp.h; path = BSIFFilter.hpp; sourceTree = "<group>"; };
/* End PBXFileReference section */

/* Begin PBXFrameworksBuildPhase section */
		B2A168E220F669A20021139E /* Frameworks */ = {
			isa = PBXFrameworksBuildPhase;
			buildActionMask = 2147483647;
			files = (
			);
			runOnlyForDeploymentPostprocessing = 0;
		};
/* End PBXFrameworksBuildPhase section */

/* Begin PBXGroup section */
		B2A168DC20F669A10021139E = {
			isa = PBXGroup;
			children = (
				B2A168E720F669A20021139E /* TCLDetection */,
				B2A168E620F669A20021139E /* Products */,
			);
			sourceTree = "<group>";
		};
		B2A168E620F669A20021139E /* Products */ = {
			isa = PBXGroup;
			children = (
				B2A168E520F669A20021139E /* TCLDetection */,
			);
			name = Products;
			sourceTree = "<group>";
		};
		B2A168E720F669A20021139E /* TCLDetection */ = {
			isa = PBXGroup;
			children = (
				B2D4BECB20F66E0C00BF4257 /* BSIFFilter.cpp */,
				B2D4BECC20F66E0C00BF4257 /* BSIFFilter.hpp */,
				B2A168F220F669C50021139E /* CSVIterator.cpp */,
				B2A168F320F669C50021139E /* CSVIterator.hpp */,
				B2A168EF20F669C40021139E /* filtermap.cpp */,
				B2A168F020F669C40021139E /* filtermap.hpp */,
				B2A168F120F669C40021139E /* filters.h */,
				B2A168E820F669A20021139E /* main.cpp */,
			);
			path = TCLDetection;
			sourceTree = "<group>";
		};
/* End PBXGroup section */

/* Begin PBXNativeTarget section */
		B2A168E420F669A20021139E /* TCLDetection */ = {
			isa = PBXNativeTarget;
			buildConfigurationList = B2A168EC20F669A20021139E /* Build configuration list for PBXNativeTarget "TCLDetection" */;
			buildPhases = (
				B2A168E120F669A20021139E /* Sources */,
				B2A168E220F669A20021139E /* Frameworks */,
				B2A168E320F669A20021139E /* CopyFiles */,
			);
			buildRules = (
			);
			dependencies = (
			);
			name = TCLDetection;
			productName = TCLDetection;
			productReference = B2A168E520F669A20021139E /* TCLDetection */;
			productType = "com.apple.product-type.tool";
		};
/* End PBXNativeTarget section */

/* Begin PBXProject section */
		B2A168DD20F669A10021139E /* Project object */ = {
			isa = PBXProject;
			attributes = {
				LastUpgradeCheck = 0940;
				ORGANIZATIONNAME = "Joseph McGrath";
				TargetAttributes = {
					B2A168E420F669A20021139E = {
						CreatedOnToolsVersion = 9.4.1;
					};
				};
			};
			buildConfigurationList = B2A168E020F669A10021139E /* Build configuration list for PBXProject "TCLDetection" */;
			compatibilityVersion = "Xcode 9.3";
			developmentRegion = en;
			hasScannedForEncodings = 0;
			knownRegions = (
				en,
			);
			mainGroup = B2A168DC20F669A10021139E;
			productRefGroup = B2A168E620F669A20021139E /* Products */;
			projectDirPath = "";
			projectRoot = "";
			targets = (
				B2A168E420F669A20021139E /* TCLDetection */,
			);
		};
/* End PBXProject section */

/* Begin PBXSourcesBuildPhase section */
		B2A168E120F669A20021139E /* Sources */ = {
			isa = PBXSourcesBuildPhase;
			buildActionMask = 2147483647;
			files = (
				B2A168F420F669C50021139E /* filtermap.cpp in Sources */,
				B2D4BECD20F66E0C00BF4257 /* BSIFFilter.cpp in Sources */,
				B2A168E920F669A20021139E /* main.cpp in Sources */,
				B2A168F520F669C50021139E /* CSVIterator.cpp in Sources */,
			);
			runOnlyForDeploymentPostprocessing = 0;
		};
/* End PBXSourcesBuildPhase section */

/* Begin XCBuildConfiguration section */
		B2A168EA20F669A20021139E /* Debug */ = {
			isa = XCBuildConfiguration;
			buildSettings = {
				ALWAYS_SEARCH_USER_PATHS = NO;
				CLANG_ANALYZER_NONNULL = YES;
				CLANG_ANALYZER_NUMBER_OBJECT_CONVERSION = YES_AGGRESSIVE;
				CLANG_CXX_LANGUAGE_STANDARD = "gnu++14";
				CLANG_CXX_LIBRARY = "libc++";
				CLANG_ENABLE_MODULES = YES;
				CLANG_ENABLE_OBJC_ARC = YES;
				CLANG_ENABLE_OBJC_WEAK = YES;
				CLANG_WARN_BLOCK_CAPTURE_AUTORELEASING = YES;
				CLANG_WARN_BOOL_CONVERSION = YES;
				CLANG_WARN_COMMA = YES;
				CLANG_WARN_CONSTANT_CONVERSION = YES;
				CLANG_WARN_DEPRECATED_OBJC_IMPLEMENTATIONS = YES;
				CLANG_WARN_DIRECT_OBJC_ISA_USAGE = YES_ERROR;
				CLANG_WARN_DOCUMENTATION_COMMENTS = YES;
				CLANG_WARN_EMPTY_BODY = YES;
				CLANG_WARN_ENUM_CONVERSION = YES;
				CLANG_WARN_INFINITE_RECURSION = YES;
				CLANG_WARN_INT_CONVERSION = YES;
				CLANG_WARN_NON_LITERAL_NULL_CONVERSION = YES;
				CLANG_WARN_OBJC_IMPLICIT_RETAIN_SELF = YES;
				CLANG_WARN_OBJC_LITERAL_CONVERSION = YES;
				CLANG_WARN_OBJC_ROOT_CLASS = YES_ERROR;
				CLANG_WARN_RANGE_LOOP_ANALYSIS = YES;
				CLANG_WARN_STRICT_PROTOTYPES = YES;
				CLANG_WARN_SUSPICIOUS_MOVE = YES;
				CLANG_WARN_UNGUARDED_AVAILABILITY = YES_AGGRESSIVE;
				CLANG_WARN_UNREACHABLE_CODE = YES;
				CLANG_WARN__DUPLICATE_METHOD_MATCH = YES;
				CODE_SIGN_IDENTITY = "Mac Developer";
				COPY_PHASE_STRIP = NO;
				DEBUG_INFORMATION_FORMAT = dwarf;
				ENABLE_STRICT_OBJC_MSGSEND = YES;
				ENABLE_TESTABILITY = YES;
				GCC_C_LANGUAGE_STANDARD = gnu11;
				GCC_DYNAMIC_NO_PIC = NO;
				GCC_NO_COMMON_BLOCKS = YES;
				GCC_OPTIMIZATION_LEVEL = 0;
				GCC_PREPROCESSOR_DEFINITIONS = (
					"DEBUG=1",
					"$(inherited)",
				);
				GCC_WARN_64_TO_32_BIT_CONVERSION = YES;
				GCC_WARN_ABOUT_RETURN_TYPE = YES_ERROR;
				GCC_WARN_UNDECLARED_SELECTOR = YES;
				GCC_WARN_UNINITIALIZED_AUTOS = YES_AGGRESSIVE;
				GCC_WARN_UNUSED_FUNCTION = YES;
				GCC_WARN_UNUSED_VARIABLE = YES;
				MACOSX_DEPLOYMENT_TARGET = 10.13;
				MTL_ENABLE_DEBUG_INFO = YES;
				ONLY_ACTIVE_ARCH = YES;
				SDKROOT = macosx;
			};
			name = Debug;
		};
		B2A168EB20F669A20021139E /* Release */ = {
			isa = XCBuildConfiguration;
			buildSettings = {
				ALWAYS_SEARCH_USER_PATHS = NO;
				CLANG_ANALYZER_NONNULL = YES;
				CLANG_ANALYZER_NUMBER_OBJECT_CONVERSION = YES_AGGRESSIVE;
				CLANG_CXX_LANGUAGE_STANDARD = "gnu++14";
				CLANG_CXX_LIBRARY = "libc++";
				CLANG_ENABLE_MODULES = YES;
				CLANG_ENABLE_OBJC_ARC = YES;
				CLANG_ENABLE_OBJC_WEAK = YES;
				CLANG_WARN_BLOCK_CAPTURE_AUTORELEASING = YES;
				CLANG_WARN_BOOL_CONVERSION = YES;
				CLANG_WARN_COMMA = YES;
				CLANG_WARN_CONSTANT_CONVERSION = YES;
				CLANG_WARN_DEPRECATED_OBJC_IMPLEMENTATIONS = YES;
				CLANG_WARN_DIRECT_OBJC_ISA_USAGE = YES_ERROR;
				CLANG_WARN_DOCUMENTATION_COMMENTS = YES;
				CLANG_WARN_EMPTY_BODY = YES;
				CLANG_WARN_ENUM_CONVERSION = YES;
				CLANG_WARN_INFINITE_RECURSION = YES;
				CLANG_WARN_INT_CONVERSION = YES;
				CLANG_WARN_NON_LITERAL_NULL_CONVERSION = YES;
				CLANG_WARN_OBJC_IMPLICIT_RETAIN_SELF = YES;
				CLANG_WARN_OBJC_LITERAL_CONVERSION = YES;
				CLANG_WARN_OBJC_ROOT_CLASS = YES_ERROR;
				CLANG_WARN_RANGE_LOOP_ANALYSIS = YES;
				CLANG_WARN_STRICT_PROTOTYPES = YES;
				CLANG_WARN_SUSPICIOUS_MOVE = YES;
				CLANG_WARN_UNGUARDED_AVAILABILITY = YES_AGGRESSIVE;
				CLANG_WARN_UNREACHABLE_CODE = YES;
				CLANG_WARN__DUPLICATE_METHOD_MATCH = YES;
				CODE_SIGN_IDENTITY = "Mac Developer";
				COPY_PHASE_STRIP = NO;
				DEBUG_INFORMATION_FORMAT = "dwarf-with-dsym";
				ENABLE_NS_ASSERTIONS = NO;
				ENABLE_STRICT_OBJC_MSGSEND = YES;
				GCC_C_LANGUAGE_STANDARD = gnu11;
				GCC_NO_COMMON_BLOCKS = YES;
				GCC_WARN_64_TO_32_BIT_CONVERSION = YES;
				GCC_WARN_ABOUT_RETURN_TYPE = YES_ERROR;
				GCC_WARN_UNDECLARED_SELECTOR = YES;
				GCC_WARN_UNINITIALIZED_AUTOS = YES_AGGRESSIVE;
				GCC_WARN_UNUSED_FUNCTION = YES;
				GCC_WARN_UNUSED_VARIABLE = YES;
				MACOSX_DEPLOYMENT_TARGET = 10.13;
				MTL_ENABLE_DEBUG_INFO = NO;
				SDKROOT = macosx;
			};
			name = Release;
		};
		B2A168ED20F669A20021139E /* Debug */ = {
			isa = XCBuildConfiguration;
			buildSettings = {
				CLANG_WARN_DOCUMENTATION_COMMENTS = NO;
				CODE_SIGN_STYLE = Automatic;
				DEVELOPMENT_TEAM = 39TFK3MY8L;
				"HEADER_SEARCH_PATHS[arch=*]" = /usr/local/Cellar/opencv/3.4.1_6/include;
				"LIBRARY_SEARCH_PATHS[arch=*]" = /usr/local/Cellar/opencv/3.4.1_6/lib;
				"OTHER_LDFLAGS[arch=*]" = (
					"-I/usr/local/Cellar/opencv/3.4.1_6/include/opencv",
					"-I/usr/local/Cellar/opencv/3.4.1_6/include",
					"-L/usr/local/Cellar/opencv/3.4.1_6/lib",
					"-lopencv_stitching",
					"-lopencv_superres",
					"-lopencv_videostab",
					"-lopencv_aruco",
					"-lopencv_bgsegm",
					"-lopencv_bioinspired",
					"-lopencv_ccalib",
					"-lopencv_dnn_objdetect",
					"-lopencv_dpm",
					"-lopencv_face",
					"-lopencv_photo",
					"-lopencv_fuzzy",
					"-lopencv_hfs",
					"-lopencv_img_hash",
					"-lopencv_line_descriptor",
					"-lopencv_optflow",
					"-lopencv_reg",
					"-lopencv_rgbd",
					"-lopencv_saliency",
					"-lopencv_stereo",
					"-lopencv_structured_light",
					"-lopencv_phase_unwrapping",
					"-lopencv_surface_matching",
					"-lopencv_tracking",
					"-lopencv_datasets",
					"-lopencv_dnn",
					"-lopencv_plot",
					"-lopencv_xfeatures2d",
					"-lopencv_shape",
					"-lopencv_video",
					"-lopencv_ml",
					"-lopencv_ximgproc",
					"-lopencv_calib3d",
					"-lopencv_features2d",
					"-lopencv_highgui",
					"-lopencv_videoio",
					"-lopencv_flann",
					"-lopencv_xobjdetect",
					"-lopencv_imgcodecs",
					"-lopencv_objdetect",
					"-lopencv_xphoto",
					"-lopencv_imgproc",
					"-lopencv_core",
				);
				PRODUCT_NAME = "$(TARGET_NAME)";
			};
			name = Debug;
		};
		B2A168EE20F669A20021139E /* Release */ = {
			isa = XCBuildConfiguration;
			buildSettings = {
				CLANG_WARN_DOCUMENTATION_COMMENTS = NO;
				CODE_SIGN_STYLE = Automatic;
				DEVELOPMENT_TEAM = 39TFK3MY8L;
				PRODUCT_NAME = "$(TARGET_NAME)";
			};
			name = Release;
		};
/* End XCBuildConfiguration section */

/* Begin XCConfigurationList section */
		B2A168E020F669A10021139E /* Build configuration list for PBXProject "TCLDetection" */ = {
			isa = XCConfigurationList;
			buildConfigurations = (
				B2A168EA20F669A20021139E /* Debug */,
				B2A168EB20F669A20021139E /* Release */,
			);
			defaultConfigurationIsVisible = 0;
			defaultConfigurationName = Release;
		};
		B2A168EC20F669A20021139E /* Build configuration list for PBXNativeTarget "TCLDetection" */ = {
			isa = XCConfigurationList;
			buildConfigurations = (
				B2A168ED20F669A20021139E /* Debug */,
				B2A168EE20F669A20021139E /* Release */,
			);
			defaultConfigurationIsVisible = 0;
			defaultConfigurationName = Release;
		};
/* End XCConfigurationList section */
	};
	rootObject = B2A168DD20F669A10021139E /* Project object */;
}
